<?xml version="1.0" encoding="utf-8"?>
<Project ToolsVersion="4.0" xmlns="http://schemas.microsoft.com/developer/msbuild/2003">
  <ItemGroup>
    <Filter Include="소스 파일">
      <UniqueIdentifier>{4FC737F1-C7A5-4376-A066-2A32D752A2FF}</UniqueIdentifier>
      <Extensions>cpp;c;cc;cxx;c++;cppm;ixx;def;odl;idl;hpj;bat;asm;asmx</Extensions>
    </Filter>
    <Filter Include="헤더 파일">
      <UniqueIdentifier>{93995380-89BD-4b04-88EB-625FBE52EBFB}</UniqueIdentifier>
      <Extensions>h;hh;hpp;hxx;h++;hm;inl;inc;ipp;xsd</Extensions>
    </Filter>
    <Filter Include="리소스 파일">
      <UniqueIdentifier>{67DA6AB6-F800-4c08-8B7A-83BB121AAD01}</UniqueIdentifier>
      <Extensions>rc;ico;cur;bmp;dlg;rc2;rct;bin;rgs;gif;jpg;jpeg;jpe;resx;tiff;tif;png;wav;mfcribbon-ms</Extensions>
    </Filter>
    <Filter Include="소스 파일\미완">
      <UniqueIdentifier>{09f171a9-c4fe-4ba4-8b26-208233d74dba}</UniqueIdentifier>
    </Filter>
  </ItemGroup>
  <ItemGroup>
    <ClCompile Include="2750_수 정렬하기%28220621%29.cpp">
      <Filter>소스 파일</Filter>
    </ClCompile>
    <ClCompile Include="2751_수 정렬하기2(220621).cpp">
      <Filter>소스 파일</Filter>
    </ClCompile>
    <ClCompile Include="10989_수 정렬하기3%28220621%29.cpp">
      <Filter>소스 파일</Filter>
    </ClCompile>
    <ClCompile Include="2108_통계학(220621).cpp">
      <Filter>소스 파일</Filter>
    </ClCompile>
    <ClCompile Include="1427_소트인사이드(220622).cpp">
      <Filter>소스 파일</Filter>
    </ClCompile>
    <ClCompile Include="11650_좌표 정렬하기(220622).cpp">
      <Filter>소스 파일</Filter>
    </ClCompile>
    <ClCompile Include="11651_좌표 정렬하기2(220622).cpp">
      <Filter>소스 파일</Filter>
    </ClCompile>
    <ClCompile Include="1181_단어 정렬(220622).cpp">
      <Filter>소스 파일</Filter>
    </ClCompile>
    <ClCompile Include="10814_나이순 정렬%28220622%29.cpp">
      <Filter>소스 파일</Filter>
    </ClCompile>
    <ClCompile Include="18870_좌표 압축(220622).cpp">
      <Filter>소스 파일</Filter>
    </ClCompile>
    <ClCompile Include="10815_숫자 카드(220622).cpp">
      <Filter>소스 파일</Filter>
    </ClCompile>
    <ClCompile Include="2477_참외밭(220622).cpp">
      <Filter>소스 파일</Filter>
    </ClCompile>
    <ClCompile Include="1004_어린 왕자(220622).cpp">
      <Filter>소스 파일</Filter>
    </ClCompile>
    <ClCompile Include="1358_하키(220622).cpp">
      <Filter>소스 파일</Filter>
    </ClCompile>
    <ClCompile Include="1874_스택 수열(220622).cpp">
      <Filter>소스 파일</Filter>
    </ClCompile>
    <ClCompile Include="17298_오큰수%28220622%29.cpp">
      <Filter>소스 파일</Filter>
    </ClCompile>
    <ClCompile Include="5086_배수와 약수(220623).cpp">
      <Filter>소스 파일</Filter>
    </ClCompile>
    <ClCompile Include="2609_최대공약수와 최소공배수(220623).cpp">
      <Filter>소스 파일</Filter>
    </ClCompile>
    <ClCompile Include="1934_최소공배수(220623).cpp">
      <Filter>소스 파일</Filter>
    </ClCompile>
    <ClCompile Include="14425 문자열 집합%28220622%29_미완.cpp">
      <Filter>소스 파일\미완</Filter>
    </ClCompile>
    <ClCompile Include="3036_링(220623).cpp">
      <Filter>소스 파일</Filter>
    </ClCompile>
    <ClCompile Include="11050_이항 계수1(220623)_.cpp">
      <Filter>소스 파일</Filter>
    </ClCompile>
    <ClCompile Include="11051_이항 계수2%28220623%29.cpp">
      <Filter>소스 파일</Filter>
    </ClCompile>
    <ClCompile Include="1010_다리 놓기(220623).cpp">
      <Filter>소스 파일</Filter>
    </ClCompile>
    <ClCompile Include="9375_패션왕 신해빈%28220624%29.cpp">
      <Filter>소스 파일</Filter>
    </ClCompile>
    <ClCompile Include="1676_팩토리얼 0의 개수(220624).cpp">
      <Filter>소스 파일</Filter>
    </ClCompile>
    <ClCompile Include="2004_조합 0의 개수%28220624%29_미완.cpp">
      <Filter>소스 파일\미완</Filter>
    </ClCompile>
    <ClCompile Include="1021_회전하는 큐(220624).cpp">
      <Filter>소스 파일</Filter>
    </ClCompile>
    <ClCompile Include="5430_AC(220624).cpp">
      <Filter>소스 파일</Filter>
    </ClCompile>
    <ClCompile Include="1764_듣보잡%28220624%29.cpp">
      <Filter>소스 파일</Filter>
    </ClCompile>
    <ClCompile Include="2981_검문%28220627%29.cpp">
      <Filter>소스 파일</Filter>
    </ClCompile>
    <ClCompile Include="24479_알고리즘수업-깊이 우선 탐색1(220628).cpp">
      <Filter>소스 파일</Filter>
    </ClCompile>
    <ClCompile Include="24444_알고리즘 수업-너비 우선 탐색1(220628).cpp">
      <Filter>소스 파일</Filter>
    </ClCompile>
    <ClCompile Include="1300_K번째 수%28220628%29_미완.cpp">
      <Filter>소스 파일\미완</Filter>
    </ClCompile>
    <ClCompile Include="24480_알고리즘 수업-깊이 우선 탐색 2%28220628%29_미완.cpp">
      <Filter>소스 파일\미완</Filter>
    </ClCompile>
    <ClCompile Include="24445_알고리즘 수업-너비 우선 탐색 2%28220628%29.cpp">
      <Filter>소스 파일</Filter>
    </ClCompile>
    <ClCompile Include="1259_팰린드롬수(220630).cpp">
      <Filter>소스 파일</Filter>
    </ClCompile>
    <ClCompile Include="10845_큐(220630).cpp">
      <Filter>소스 파일</Filter>
    </ClCompile>
    <ClCompile Include="18111_마인크래프트(220630).cpp">
      <Filter>소스 파일</Filter>
    </ClCompile>
    <ClCompile Include="15829_Hashing(220630).cpp">
      <Filter>소스 파일</Filter>
    </ClCompile>
    <ClCompile Include="1003_피보나치 함수(220630).cpp">
      <Filter>소스 파일</Filter>
    </ClCompile>
    <ClCompile Include="1074_Z(220630).cpp">
      <Filter>소스 파일</Filter>
    </ClCompile>
    <ClCompile Include="1107_리모컨%28220630%29_미완.cpp">
      <Filter>소스 파일\미완</Filter>
    </ClCompile>
    <ClCompile Include="1389_케빈 베이컨의 6단계 법칙%28220704%29%29.cpp">
      <Filter>소스 파일</Filter>
    </ClCompile>
    <ClCompile Include="16928_뱀과 사다리 게임(220704).cpp">
      <Filter>소스 파일</Filter>
    </ClCompile>
    <ClCompile Include="1780_종이의 개수(220704).cpp">
      <Filter>소스 파일</Filter>
    </ClCompile>
    <ClCompile Include="2630_색종이 만들기(220704).cpp">
      <Filter>소스 파일</Filter>
    </ClCompile>
    <ClCompile Include="9461_파도반 수업(220704).cpp">
      <Filter>소스 파일</Filter>
    </ClCompile>
    <ClCompile Include="3197_백조의 호수(220704).cpp">
      <Filter>소스 파일</Filter>
    </ClCompile>
    <ClCompile Include="11659_구간 합 구하기 4(220704).cpp">
      <Filter>소스 파일</Filter>
    </ClCompile>
    <ClCompile Include="2644_촌수계산(220704).cpp">
      <Filter>소스 파일</Filter>
    </ClCompile>
    <ClCompile Include="5014_스타트링크(220704)-.cpp">
      <Filter>소스 파일</Filter>
    </ClCompile>
    <ClCompile Include="11399_ATM%28220705%29.cpp">
      <Filter>소스 파일</Filter>
    </ClCompile>
    <ClCompile Include="1167_트리의 지름%28220705%29.cpp">
      <Filter>소스 파일</Filter>
    </ClCompile>
    <ClCompile Include="11047_동전 0%28220705%29.cpp">
      <Filter>소스 파일</Filter>
    </ClCompile>
  </ItemGroup>
  <ItemGroup>
    <ClInclude Include="resource.h">
      <Filter>헤더 파일</Filter>
    </ClInclude>
  </ItemGroup>
</Project>